
Microsoft Visual Studio Solution File, Format Version 12.00
# Visual Studio Version 16
VisualStudioVersion = 16.0.31129.286
MinimumVisualStudioVersion = 10.0.40219.1
Project("{FAE04EC0-301F-11D3-BF4B-00C04F79EFBC}") = "HomeApp01", "HomeApp01\HomeApp01.csproj", "{BFEC94AC-E04F-4212-B44C-D1255331F948}"
EndProject
Project("{FAE04EC0-301F-11D3-BF4B-00C04F79EFBC}") = "HomeApp02", "HomeApp02\HomeApp02.csproj", "{61AA7B1E-DF4E-4136-86BF-23C454B93DAA}"
EndProject
Global
	GlobalSection(SolutionConfigurationPlatforms) = preSolution
		Debug|Any CPU = Debug|Any CPU
		Release|Any CPU = Release|Any CPU
	EndGlobalSection
	GlobalSection(ProjectConfigurationPlatforms) = postSolution
		{BFEC94AC-E04F-4212-B44C-D1255331F948}.Debug|Any CPU.ActiveCfg = Debug|Any CPU
		{BFEC94AC-E04F-4212-B44C-D1255331F948}.Debug|Any CPU.Build.0 = Debug|Any CPU
		{BFEC94AC-E04F-4212-B44C-D1255331F948}.Release|Any CPU.ActiveCfg = Release|Any CPU
		{BFEC94AC-E04F-4212-B44C-D1255331F948}.Release|Any CPU.Build.0 = Release|Any CPU
		{61AA7B1E-DF4E-4136-86BF-23C454B93DAA}.Debug|Any CPU.ActiveCfg = Debug|Any CPU
		{61AA7B1E-DF4E-4136-86BF-23C454B93DAA}.Debug|Any CPU.Build.0 = Debug|Any CPU
		{61AA7B1E-DF4E-4136-86BF-23C454B93DAA}.Release|Any CPU.ActiveCfg = Release|Any CPU
		{61AA7B1E-DF4E-4136-86BF-23C454B93DAA}.Release|Any CPU.Build.0 = Release|Any CPU
	EndGlobalSection
	GlobalSection(SolutionProperties) = preSolution
		HideSolutionNode = FALSE
	EndGlobalSection
	GlobalSection(ExtensibilityGlobals) = postSolution
		SolutionGuid = {2FC9B041-A139-4E8E-B79B-F27D0F7506BF}
	EndGlobalSection
EndGlobal
